// !$*UTF8*$!
{
	archiveVersion = 1;
	classes = {
	};
	objectVersion = 55;
	objects = {

/* Begin PBXBuildFile section */
		2D004FAB281CAB3A009F29E7 /* AppDelegate.m in Sources */ = {isa = PBXBuildFile; fileRef = 2D004FAA281CAB3A009F29E7 /* AppDelegate.m */; };
		2D004FAE281CAB3A009F29E7 /* SceneDelegate.m in Sources */ = {isa = PBXBuildFile; fileRef = 2D004FAD281CAB3A009F29E7 /* SceneDelegate.m */; };
		2D004FB1281CAB3A009F29E7 /* ViewController.m in Sources */ = {isa = PBXBuildFile; fileRef = 2D004FB0281CAB3A009F29E7 /* ViewController.m */; };
		2D004FB4281CAB3A009F29E7 /* Main.storyboard in Resources */ = {isa = PBXBuildFile; fileRef = 2D004FB2281CAB3A009F29E7 /* Main.storyboard */; };
		2D004FB7281CAB3A009F29E7 /* superMeals.xcdatamodeld in Sources */ = {isa = PBXBuildFile; fileRef = 2D004FB5281CAB3A009F29E7 /* superMeals.xcdatamodeld */; };
		2D004FB9281CAB3D009F29E7 /* Assets.xcassets in Resources */ = {isa = PBXBuildFile; fileRef = 2D004FB8281CAB3D009F29E7 /* Assets.xcassets */; };
		2D004FBC281CAB3D009F29E7 /* LaunchScreen.storyboard in Resources */ = {isa = PBXBuildFile; fileRef = 2D004FBA281CAB3D009F29E7 /* LaunchScreen.storyboard */; };
		2D004FBF281CAB3D009F29E7 /* main.m in Sources */ = {isa = PBXBuildFile; fileRef = 2D004FBE281CAB3D009F29E7 /* main.m */; };
		2D004FE1281DCEF3009F29E7 /* AFNetworking in Frameworks */ = {isa = PBXBuildFile; productRef = 2D004FE0281DCEF3009F29E7 /* AFNetworking */; };
		2D004FF9281DDF8D009F29E7 /* APIResponse.m in Sources */ = {isa = PBXBuildFile; fileRef = 2D004FF2281DDF8C009F29E7 /* APIResponse.m */; };
		2D004FFA281DDF8D009F29E7 /* APIClient.m in Sources */ = {isa = PBXBuildFile; fileRef = 2D004FF3281DDF8C009F29E7 /* APIClient.m */; };
		2D004FFB281DDF8D009F29E7 /* APIRequest.m in Sources */ = {isa = PBXBuildFile; fileRef = 2D004FF5281DDF8C009F29E7 /* APIRequest.m */; };
		2D004FFC281DDF8D009F29E7 /* HTTPMethod.m in Sources */ = {isa = PBXBuildFile; fileRef = 2D004FF6281DDF8C009F29E7 /* HTTPMethod.m */; };
		2D004FFF282002A9009F29E7 /* SMRecepies.m in Sources */ = {isa = PBXBuildFile; fileRef = 2D004FFE282002A9009F29E7 /* SMRecepies.m */; };
		2D005002282017BA009F29E7 /* SMRecepiesViewModel.m in Sources */ = {isa = PBXBuildFile; fileRef = 2D005001282017BA009F29E7 /* SMRecepiesViewModel.m */; };
/* End PBXBuildFile section */

/* Begin PBXFileReference section */
		2D004FA6281CAB3A009F29E7 /* superMeals.app */ = {isa = PBXFileReference; explicitFileType = wrapper.application; includeInIndex = 0; path = superMeals.app; sourceTree = BUILT_PRODUCTS_DIR; };
		2D004FA9281CAB3A009F29E7 /* AppDelegate.h */ = {isa = PBXFileReference; lastKnownFileType = sourcecode.c.h; path = AppDelegate.h; sourceTree = "<group>"; };
		2D004FAA281CAB3A009F29E7 /* AppDelegate.m */ = {isa = PBXFileReference; lastKnownFileType = sourcecode.c.objc; path = AppDelegate.m; sourceTree = "<group>"; };
		2D004FAC281CAB3A009F29E7 /* SceneDelegate.h */ = {isa = PBXFileReference; lastKnownFileType = sourcecode.c.h; path = SceneDelegate.h; sourceTree = "<group>"; };
		2D004FAD281CAB3A009F29E7 /* SceneDelegate.m */ = {isa = PBXFileReference; lastKnownFileType = sourcecode.c.objc; path = SceneDelegate.m; sourceTree = "<group>"; };
		2D004FAF281CAB3A009F29E7 /* ViewController.h */ = {isa = PBXFileReference; lastKnownFileType = sourcecode.c.h; path = ViewController.h; sourceTree = "<group>"; };
		2D004FB0281CAB3A009F29E7 /* ViewController.m */ = {isa = PBXFileReference; lastKnownFileType = sourcecode.c.objc; path = ViewController.m; sourceTree = "<group>"; };
		2D004FB3281CAB3A009F29E7 /* Base */ = {isa = PBXFileReference; lastKnownFileType = file.storyboard; name = Base; path = Base.lproj/Main.storyboard; sourceTree = "<group>"; };
		2D004FB6281CAB3A009F29E7 /* superMeals.xcdatamodel */ = {isa = PBXFileReference; lastKnownFileType = wrapper.xcdatamodel; path = superMeals.xcdatamodel; sourceTree = "<group>"; };
		2D004FB8281CAB3D009F29E7 /* Assets.xcassets */ = {isa = PBXFileReference; lastKnownFileType = folder.assetcatalog; path = Assets.xcassets; sourceTree = "<group>"; };
		2D004FBB281CAB3D009F29E7 /* Base */ = {isa = PBXFileReference; lastKnownFileType = file.storyboard; name = Base; path = Base.lproj/LaunchScreen.storyboard; sourceTree = "<group>"; };
		2D004FBD281CAB3D009F29E7 /* Info.plist */ = {isa = PBXFileReference; lastKnownFileType = text.plist.xml; path = Info.plist; sourceTree = "<group>"; };
		2D004FBE281CAB3D009F29E7 /* main.m */ = {isa = PBXFileReference; lastKnownFileType = sourcecode.c.objc; path = main.m; sourceTree = "<group>"; };
		2D004FF1281DDF8C009F29E7 /* APIClient.h */ = {isa = PBXFileReference; fileEncoding = 4; lastKnownFileType = sourcecode.c.h; path = APIClient.h; sourceTree = "<group>"; };
		2D004FF2281DDF8C009F29E7 /* APIResponse.m */ = {isa = PBXFileReference; fileEncoding = 4; lastKnownFileType = sourcecode.c.objc; path = APIResponse.m; sourceTree = "<group>"; };
		2D004FF3281DDF8C009F29E7 /* APIClient.m */ = {isa = PBXFileReference; fileEncoding = 4; lastKnownFileType = sourcecode.c.objc; path = APIClient.m; sourceTree = "<group>"; };
		2D004FF4281DDF8C009F29E7 /* APIRequest.h */ = {isa = PBXFileReference; fileEncoding = 4; lastKnownFileType = sourcecode.c.h; path = APIRequest.h; sourceTree = "<group>"; };
		2D004FF5281DDF8C009F29E7 /* APIRequest.m */ = {isa = PBXFileReference; fileEncoding = 4; lastKnownFileType = sourcecode.c.objc; path = APIRequest.m; sourceTree = "<group>"; };
		2D004FF6281DDF8C009F29E7 /* HTTPMethod.m */ = {isa = PBXFileReference; fileEncoding = 4; lastKnownFileType = sourcecode.c.objc; path = HTTPMethod.m; sourceTree = "<group>"; };
		2D004FF7281DDF8C009F29E7 /* HTTPMethod.h */ = {isa = PBXFileReference; fileEncoding = 4; lastKnownFileType = sourcecode.c.h; path = HTTPMethod.h; sourceTree = "<group>"; };
		2D004FF8281DDF8D009F29E7 /* APIResponseDelegate.h */ = {isa = PBXFileReference; fileEncoding = 4; lastKnownFileType = sourcecode.c.h; path = APIResponseDelegate.h; sourceTree = "<group>"; };
		2D004FFD28200294009F29E7 /* SMRecepies.h */ = {isa = PBXFileReference; lastKnownFileType = sourcecode.c.h; path = SMRecepies.h; sourceTree = "<group>"; };
		2D004FFE282002A9009F29E7 /* SMRecepies.m */ = {isa = PBXFileReference; lastKnownFileType = sourcecode.c.objc; path = SMRecepies.m; sourceTree = "<group>"; };
		2D005001282017BA009F29E7 /* SMRecepiesViewModel.m */ = {isa = PBXFileReference; lastKnownFileType = sourcecode.c.objc; path = SMRecepiesViewModel.m; sourceTree = "<group>"; };
		2D005003282017CE009F29E7 /* SMRecepiesViewModel.h */ = {isa = PBXFileReference; lastKnownFileType = sourcecode.c.h; path = SMRecepiesViewModel.h; sourceTree = "<group>"; };
		2D0050062820180E009F29E7 /* SMRecepiesViewModelDelegate.h */ = {isa = PBXFileReference; lastKnownFileType = sourcecode.c.h; path = SMRecepiesViewModelDelegate.h; sourceTree = "<group>"; };
/* End PBXFileReference section */

/* Begin PBXFrameworksBuildPhase section */
		2D004FA3281CAB3A009F29E7 /* Frameworks */ = {
			isa = PBXFrameworksBuildPhase;
			buildActionMask = 2147483647;
			files = (
				2D004FE1281DCEF3009F29E7 /* AFNetworking in Frameworks */,
			);
			runOnlyForDeploymentPostprocessing = 0;
		};
/* End PBXFrameworksBuildPhase section */

/* Begin PBXGroup section */
		2D004F9D281CAB39009F29E7 = {
			isa = PBXGroup;
			children = (
				2D004FA8281CAB3A009F29E7 /* superMeals */,
				2D004FA7281CAB3A009F29E7 /* Products */,
			);
			sourceTree = "<group>";
		};
		2D004FA7281CAB3A009F29E7 /* Products */ = {
			isa = PBXGroup;
			children = (
				2D004FA6281CAB3A009F29E7 /* superMeals.app */,
			);
			name = Products;
			sourceTree = "<group>";
		};
		2D004FA8281CAB3A009F29E7 /* superMeals */ = {
			isa = PBXGroup;
			children = (
				2D004FC5281CAD65009F29E7 /* AppInfra */,
				2D004FC8281CADE3009F29E7 /* Features */,
				2D004FC9281CADEB009F29E7 /* DataBase */,
			);
			path = superMeals;
			sourceTree = "<group>";
		};
		2D004FC5281CAD65009F29E7 /* AppInfra */ = {
			isa = PBXGroup;
			children = (
				2D004FBE281CAB3D009F29E7 /* main.m */,
				2D004FB2281CAB3A009F29E7 /* Main.storyboard */,
				2D004FBA281CAB3D009F29E7 /* LaunchScreen.storyboard */,
				2D004FC7281CADB9009F29E7 /* Delegates */,
				2D004FC6281CADA7009F29E7 /* SupportingFiles */,
			);
			path = AppInfra;
			sourceTree = "<group>";
		};
		2D004FC6281CADA7009F29E7 /* SupportingFiles */ = {
			isa = PBXGroup;
			children = (
				2D004FB8281CAB3D009F29E7 /* Assets.xcassets */,
				2D004FBD281CAB3D009F29E7 /* Info.plist */,
			);
			path = SupportingFiles;
			sourceTree = "<group>";
		};
		2D004FC7281CADB9009F29E7 /* Delegates */ = {
			isa = PBXGroup;
			children = (
				2D004FA9281CAB3A009F29E7 /* AppDelegate.h */,
				2D004FAA281CAB3A009F29E7 /* AppDelegate.m */,
				2D004FAC281CAB3A009F29E7 /* SceneDelegate.h */,
				2D004FAD281CAB3A009F29E7 /* SceneDelegate.m */,
			);
			path = Delegates;
			sourceTree = "<group>";
		};
		2D004FC8281CADE3009F29E7 /* Features */ = {
			isa = PBXGroup;
			children = (
				2D004FCB281DC6DC009F29E7 /* Networking */,
				2D004FDE281DCCD7009F29E7 /* Recepies */,
			);
			path = Features;
			sourceTree = "<group>";
		};
		2D004FC9281CADEB009F29E7 /* DataBase */ = {
			isa = PBXGroup;
			children = (
				2D004FB5281CAB3A009F29E7 /* superMeals.xcdatamodeld */,
			);
			path = DataBase;
			sourceTree = "<group>";
		};
		2D004FCB281DC6DC009F29E7 /* Networking */ = {
			isa = PBXGroup;
			children = (
				2D00500A28201892009F29E7 /* APIClient */,
				2D00500B2820189C009F29E7 /* APIRequest */,
				2D00500928201886009F29E7 /* APIResponse */,
				2D00500C282018A4009F29E7 /* APIMehtod */,
			);
			path = Networking;
			sourceTree = "<group>";
		};
		2D004FDE281DCCD7009F29E7 /* Recepies */ = {
			isa = PBXGroup;
			children = (
				2D005000282002AF009F29E7 /* Model */,
				2D005004282017D4009F29E7 /* ViewModel */,
				2D005005282017DF009F29E7 /* Controller */,
			);
			path = Recepies;
			sourceTree = "<group>";
		};
		2D005000282002AF009F29E7 /* Model */ = {
			isa = PBXGroup;
			children = (
				2D004FFD28200294009F29E7 /* SMRecepies.h */,
				2D004FFE282002A9009F29E7 /* SMRecepies.m */,
			);
			path = Model;
			sourceTree = "<group>";
		};
		2D005004282017D4009F29E7 /* ViewModel */ = {
			isa = PBXGroup;
			children = (
				2D005003282017CE009F29E7 /* SMRecepiesViewModel.h */,
				2D005001282017BA009F29E7 /* SMRecepiesViewModel.m */,
				2D00500728201812009F29E7 /* Protocols */,
			);
			path = ViewModel;
			sourceTree = "<group>";
		};
		2D005005282017DF009F29E7 /* Controller */ = {
			isa = PBXGroup;
			children = (
				2D004FAF281CAB3A009F29E7 /* ViewController.h */,
				2D004FB0281CAB3A009F29E7 /* ViewController.m */,
			);
			path = Controller;
			sourceTree = "<group>";
		};
		2D00500728201812009F29E7 /* Protocols */ = {
			isa = PBXGroup;
			children = (
				2D0050062820180E009F29E7 /* SMRecepiesViewModelDelegate.h */,
			);
			path = Protocols;
			sourceTree = "<group>";
		};
		2D00500828201864009F29E7 /* Protocols */ = {
			isa = PBXGroup;
			children = (
				2D004FF8281DDF8D009F29E7 /* APIResponseDelegate.h */,
			);
			path = Protocols;
			sourceTree = "<group>";
		};
		2D00500928201886009F29E7 /* APIResponse */ = {
			isa = PBXGroup;
			children = (
				2D004FF2281DDF8C009F29E7 /* APIResponse.m */,
				2D00500828201864009F29E7 /* Protocols */,
			);
			path = APIResponse;
			sourceTree = "<group>";
		};
		2D00500A28201892009F29E7 /* APIClient */ = {
			isa = PBXGroup;
			children = (
				2D004FF1281DDF8C009F29E7 /* APIClient.h */,
				2D004FF3281DDF8C009F29E7 /* APIClient.m */,
			);
			path = APIClient;
			sourceTree = "<group>";
		};
		2D00500B2820189C009F29E7 /* APIRequest */ = {
			isa = PBXGroup;
			children = (
				2D004FF4281DDF8C009F29E7 /* APIRequest.h */,
				2D004FF5281DDF8C009F29E7 /* APIRequest.m */,
			);
			path = APIRequest;
			sourceTree = "<group>";
		};
		2D00500C282018A4009F29E7 /* APIMehtod */ = {
			isa = PBXGroup;
			children = (
				2D004FF7281DDF8C009F29E7 /* HTTPMethod.h */,
				2D004FF6281DDF8C009F29E7 /* HTTPMethod.m */,
			);
			path = APIMehtod;
			sourceTree = "<group>";
		};
/* End PBXGroup section */

/* Begin PBXNativeTarget section */
		2D004FA5281CAB3A009F29E7 /* superMeals */ = {
			isa = PBXNativeTarget;
			buildConfigurationList = 2D004FC2281CAB3D009F29E7 /* Build configuration list for PBXNativeTarget "superMeals" */;
			buildPhases = (
				2D004FA2281CAB3A009F29E7 /* Sources */,
				2D004FA3281CAB3A009F29E7 /* Frameworks */,
				2D004FA4281CAB3A009F29E7 /* Resources */,
			);
			buildRules = (
			);
			dependencies = (
			);
			name = superMeals;
			packageProductDependencies = (
				2D004FE0281DCEF3009F29E7 /* AFNetworking */,
			);
			productName = superMeals;
			productReference = 2D004FA6281CAB3A009F29E7 /* superMeals.app */;
			productType = "com.apple.product-type.application";
		};
/* End PBXNativeTarget section */

/* Begin PBXProject section */
		2D004F9E281CAB39009F29E7 /* Project object */ = {
			isa = PBXProject;
			attributes = {
				BuildIndependentTargetsInParallel = 1;
				LastUpgradeCheck = 1330;
				TargetAttributes = {
					2D004FA5281CAB3A009F29E7 = {
						CreatedOnToolsVersion = 13.3.1;
					};
				};
			};
			buildConfigurationList = 2D004FA1281CAB39009F29E7 /* Build configuration list for PBXProject "superMeals" */;
			compatibilityVersion = "Xcode 13.0";
			developmentRegion = en;
			hasScannedForEncodings = 0;
			knownRegions = (
				en,
				Base,
			);
			mainGroup = 2D004F9D281CAB39009F29E7;
			packageReferences = (
				2D004FDF281DCEF2009F29E7 /* XCRemoteSwiftPackageReference "AFNetworking" */,
			);
			productRefGroup = 2D004FA7281CAB3A009F29E7 /* Products */;
			projectDirPath = "";
			projectRoot = "";
			targets = (
				2D004FA5281CAB3A009F29E7 /* superMeals */,
			);
		};
/* End PBXProject section */

/* Begin PBXResourcesBuildPhase section */
		2D004FA4281CAB3A009F29E7 /* Resources */ = {
			isa = PBXResourcesBuildPhase;
			buildActionMask = 2147483647;
			files = (
				2D004FBC281CAB3D009F29E7 /* LaunchScreen.storyboard in Resources */,
				2D004FB9281CAB3D009F29E7 /* Assets.xcassets in Resources */,
				2D004FB4281CAB3A009F29E7 /* Main.storyboard in Resources */,
			);
			runOnlyForDeploymentPostprocessing = 0;
		};
/* End PBXResourcesBuildPhase section */

/* Begin PBXSourcesBuildPhase section */
		2D004FA2281CAB3A009F29E7 /* Sources */ = {
			isa = PBXSourcesBuildPhase;
			buildActionMask = 2147483647;
			files = (
				2D004FBF281CAB3D009F29E7 /* main.m in Sources */,
				2D004FFA281DDF8D009F29E7 /* APIClient.m in Sources */,
				2D004FFB281DDF8D009F29E7 /* APIRequest.m in Sources */,
				2D004FF9281DDF8D009F29E7 /* APIResponse.m in Sources */,
				2D004FB7281CAB3A009F29E7 /* superMeals.xcdatamodeld in Sources */,
				2D004FFC281DDF8D009F29E7 /* HTTPMethod.m in Sources */,
				2D005002282017BA009F29E7 /* SMRecepiesViewModel.m in Sources */,
				2D004FFF282002A9009F29E7 /* SMRecepies.m in Sources */,
				2D004FB1281CAB3A009F29E7 /* ViewController.m in Sources */,
				2D004FAB281CAB3A009F29E7 /* AppDelegate.m in Sources */,
				2D004FAE281CAB3A009F29E7 /* SceneDelegate.m in Sources */,
			);
			runOnlyForDeploymentPostprocessing = 0;
		};
/* End PBXSourcesBuildPhase section */

/* Begin PBXVariantGroup section */
		2D004FB2281CAB3A009F29E7 /* Main.storyboard */ = {
			isa = PBXVariantGroup;
			children = (
				2D004FB3281CAB3A009F29E7 /* Base */,
			);
			name = Main.storyboard;
			sourceTree = "<group>";
		};
		2D004FBA281CAB3D009F29E7 /* LaunchScreen.storyboard */ = {
			isa = PBXVariantGroup;
			children = (
				2D004FBB281CAB3D009F29E7 /* Base */,
			);
			name = LaunchScreen.storyboard;
			sourceTree = "<group>";
		};
/* End PBXVariantGroup section */

/* Begin XCBuildConfiguration section */
		2D004FC0281CAB3D009F29E7 /* Debug */ = {
			isa = XCBuildConfiguration;
			buildSettings = {
				ALWAYS_SEARCH_USER_PATHS = NO;
				CLANG_ANALYZER_NONNULL = YES;
				CLANG_ANALYZER_NUMBER_OBJECT_CONVERSION = YES_AGGRESSIVE;
				CLANG_CXX_LANGUAGE_STANDARD = "gnu++17";
				CLANG_ENABLE_MODULES = YES;
				CLANG_ENABLE_OBJC_ARC = YES;
				CLANG_ENABLE_OBJC_WEAK = YES;
				CLANG_WARN_BLOCK_CAPTURE_AUTORELEASING = YES;
				CLANG_WARN_BOOL_CONVERSION = YES;
				CLANG_WARN_COMMA = YES;
				CLANG_WARN_CONSTANT_CONVERSION = YES;
				CLANG_WARN_DEPRECATED_OBJC_IMPLEMENTATIONS = YES;
				CLANG_WARN_DIRECT_OBJC_ISA_USAGE = YES_ERROR;
				CLANG_WARN_DOCUMENTATION_COMMENTS = YES;
				CLANG_WARN_EMPTY_BODY = YES;
				CLANG_WARN_ENUM_CONVERSION = YES;
				CLANG_WARN_INFINITE_RECURSION = YES;
				CLANG_WARN_INT_CONVERSION = YES;
				CLANG_WARN_NON_LITERAL_NULL_CONVERSION = YES;
				CLANG_WARN_OBJC_IMPLICIT_RETAIN_SELF = YES;
				CLANG_WARN_OBJC_LITERAL_CONVERSION = YES;
				CLANG_WARN_OBJC_ROOT_CLASS = YES_ERROR;
				CLANG_WARN_QUOTED_INCLUDE_IN_FRAMEWORK_HEADER = YES;
				CLANG_WARN_RANGE_LOOP_ANALYSIS = YES;
				CLANG_WARN_STRICT_PROTOTYPES = YES;
				CLANG_WARN_SUSPICIOUS_MOVE = YES;
				CLANG_WARN_UNGUARDED_AVAILABILITY = YES_AGGRESSIVE;
				CLANG_WARN_UNREACHABLE_CODE = YES;
				CLANG_WARN__DUPLICATE_METHOD_MATCH = YES;
				COPY_PHASE_STRIP = NO;
				DEBUG_INFORMATION_FORMAT = dwarf;
				ENABLE_STRICT_OBJC_MSGSEND = YES;
				ENABLE_TESTABILITY = YES;
				GCC_C_LANGUAGE_STANDARD = gnu11;
				GCC_DYNAMIC_NO_PIC = NO;
				GCC_NO_COMMON_BLOCKS = YES;
				GCC_OPTIMIZATION_LEVEL = 0;
				GCC_PREPROCESSOR_DEFINITIONS = (
					"DEBUG=1",
					"$(inherited)",
				);
				GCC_WARN_64_TO_32_BIT_CONVERSION = YES;
				GCC_WARN_ABOUT_RETURN_TYPE = YES_ERROR;
				GCC_WARN_UNDECLARED_SELECTOR = YES;
				GCC_WARN_UNINITIALIZED_AUTOS = YES_AGGRESSIVE;
				GCC_WARN_UNUSED_FUNCTION = YES;
				GCC_WARN_UNUSED_VARIABLE = YES;
				IPHONEOS_DEPLOYMENT_TARGET = 15.4;
				MTL_ENABLE_DEBUG_INFO = INCLUDE_SOURCE;
				MTL_FAST_MATH = YES;
				ONLY_ACTIVE_ARCH = YES;
				SDKROOT = iphoneos;
			};
			name = Debug;
		};
		2D004FC1281CAB3D009F29E7 /* Release */ = {
			isa = XCBuildConfiguration;
			buildSettings = {
				ALWAYS_SEARCH_USER_PATHS = NO;
				CLANG_ANALYZER_NONNULL = YES;
				CLANG_ANALYZER_NUMBER_OBJECT_CONVERSION = YES_AGGRESSIVE;
				CLANG_CXX_LANGUAGE_STANDARD = "gnu++17";
				CLANG_ENABLE_MODULES = YES;
				CLANG_ENABLE_OBJC_ARC = YES;
				CLANG_ENABLE_OBJC_WEAK = YES;
				CLANG_WARN_BLOCK_CAPTURE_AUTORELEASING = YES;
				CLANG_WARN_BOOL_CONVERSION = YES;
				CLANG_WARN_COMMA = YES;
				CLANG_WARN_CONSTANT_CONVERSION = YES;
				CLANG_WARN_DEPRECATED_OBJC_IMPLEMENTATIONS = YES;
				CLANG_WARN_DIRECT_OBJC_ISA_USAGE = YES_ERROR;
				CLANG_WARN_DOCUMENTATION_COMMENTS = YES;
				CLANG_WARN_EMPTY_BODY = YES;
				CLANG_WARN_ENUM_CONVERSION = YES;
				CLANG_WARN_INFINITE_RECURSION = YES;
				CLANG_WARN_INT_CONVERSION = YES;
				CLANG_WARN_NON_LITERAL_NULL_CONVERSION = YES;
				CLANG_WARN_OBJC_IMPLICIT_RETAIN_SELF = YES;
				CLANG_WARN_OBJC_LITERAL_CONVERSION = YES;
				CLANG_WARN_OBJC_ROOT_CLASS = YES_ERROR;
				CLANG_WARN_QUOTED_INCLUDE_IN_FRAMEWORK_HEADER = YES;
				CLANG_WARN_RANGE_LOOP_ANALYSIS = YES;
				CLANG_WARN_STRICT_PROTOTYPES = YES;
				CLANG_WARN_SUSPICIOUS_MOVE = YES;
				CLANG_WARN_UNGUARDED_AVAILABILITY = YES_AGGRESSIVE;
				CLANG_WARN_UNREACHABLE_CODE = YES;
				CLANG_WARN__DUPLICATE_METHOD_MATCH = YES;
				COPY_PHASE_STRIP = NO;
				DEBUG_INFORMATION_FORMAT = "dwarf-with-dsym";
				ENABLE_NS_ASSERTIONS = NO;
				ENABLE_STRICT_OBJC_MSGSEND = YES;
				GCC_C_LANGUAGE_STANDARD = gnu11;
				GCC_NO_COMMON_BLOCKS = YES;
				GCC_WARN_64_TO_32_BIT_CONVERSION = YES;
				GCC_WARN_ABOUT_RETURN_TYPE = YES_ERROR;
				GCC_WARN_UNDECLARED_SELECTOR = YES;
				GCC_WARN_UNINITIALIZED_AUTOS = YES_AGGRESSIVE;
				GCC_WARN_UNUSED_FUNCTION = YES;
				GCC_WARN_UNUSED_VARIABLE = YES;
				IPHONEOS_DEPLOYMENT_TARGET = 15.4;
				MTL_ENABLE_DEBUG_INFO = NO;
				MTL_FAST_MATH = YES;
				SDKROOT = iphoneos;
				VALIDATE_PRODUCT = YES;
			};
			name = Release;
		};
		2D004FC3281CAB3D009F29E7 /* Debug */ = {
			isa = XCBuildConfiguration;
			buildSettings = {
				ASSETCATALOG_COMPILER_APPICON_NAME = AppIcon;
				ASSETCATALOG_COMPILER_GLOBAL_ACCENT_COLOR_NAME = AccentColor;
				CODE_SIGN_STYLE = Automatic;
				CURRENT_PROJECT_VERSION = 1;
				DEVELOPMENT_TEAM = 69KP7AWB28;
				GENERATE_INFOPLIST_FILE = YES;
				INFOPLIST_FILE = superMeals/AppInfra/SupportingFiles/Info.plist;
				INFOPLIST_KEY_UIApplicationSupportsIndirectInputEvents = YES;
				INFOPLIST_KEY_UILaunchStoryboardName = LaunchScreen;
				INFOPLIST_KEY_UIMainStoryboardFile = Main;
				INFOPLIST_KEY_UISupportedInterfaceOrientations = UIInterfaceOrientationPortrait;
				INFOPLIST_KEY_UISupportedInterfaceOrientations_iPad = "UIInterfaceOrientationPortrait UIInterfaceOrientationPortraitUpsideDown UIInterfaceOrientationLandscapeLeft UIInterfaceOrientationLandscapeRight";
				INFOPLIST_KEY_UISupportedInterfaceOrientations_iPhone = "UIInterfaceOrientationPortrait UIInterfaceOrientationLandscapeLeft UIInterfaceOrientationLandscapeRight";
				IPHONEOS_DEPLOYMENT_TARGET = 14.0;
				LD_RUNPATH_SEARCH_PATHS = (
					"$(inherited)",
					"@executable_path/Frameworks",
				);
				MARKETING_VERSION = 1.0;
				PRODUCT_BUNDLE_IDENTIFIER = com.VitorSpessoto.superMeals;
				PRODUCT_NAME = "$(TARGET_NAME)";
				SWIFT_EMIT_LOC_STRINGS = YES;
				TARGETED_DEVICE_FAMILY = "1,2";
			};
			name = Debug;
		};
		2D004FC4281CAB3D009F29E7 /* Release */ = {
			isa = XCBuildConfiguration;
			buildSettings = {
				ASSETCATALOG_COMPILER_APPICON_NAME = AppIcon;
				ASSETCATALOG_COMPILER_GLOBAL_ACCENT_COLOR_NAME = AccentColor;
				CODE_SIGN_STYLE = Automatic;
				CURRENT_PROJECT_VERSION = 1;
				DEVELOPMENT_TEAM = 69KP7AWB28;
				GENERATE_INFOPLIST_FILE = YES;
				INFOPLIST_FILE = superMeals/AppInfra/SupportingFiles/Info.plist;
				INFOPLIST_KEY_UIApplicationSupportsIndirectInputEvents = YES;
				INFOPLIST_KEY_UILaunchStoryboardName = LaunchScreen;
				INFOPLIST_KEY_UIMainStoryboardFile = Main;
				INFOPLIST_KEY_UISupportedInterfaceOrientations = UIInterfaceOrientationPortrait;
				INFOPLIST_KEY_UISupportedInterfaceOrientations_iPad = "UIInterfaceOrientationPortrait UIInterfaceOrientationPortraitUpsideDown UIInterfaceOrientationLandscapeLeft UIInterfaceOrientationLandscapeRight";
				INFOPLIST_KEY_UISupportedInterfaceOrientations_iPhone = "UIInterfaceOrientationPortrait UIInterfaceOrientationLandscapeLeft UIInterfaceOrientationLandscapeRight";
				IPHONEOS_DEPLOYMENT_TARGET = 14.0;
				LD_RUNPATH_SEARCH_PATHS = (
					"$(inherited)",
					"@executable_path/Frameworks",
				);
				MARKETING_VERSION = 1.0;
				PRODUCT_BUNDLE_IDENTIFIER = com.VitorSpessoto.superMeals;
				PRODUCT_NAME = "$(TARGET_NAME)";
				SWIFT_EMIT_LOC_STRINGS = YES;
				TARGETED_DEVICE_FAMILY = "1,2";
			};
			name = Release;
		};
/* End XCBuildConfiguration section */

/* Begin XCConfigurationList section */
		2D004FA1281CAB39009F29E7 /* Build configuration list for PBXProject "superMeals" */ = {
			isa = XCConfigurationList;
			buildConfigurations = (
				2D004FC0281CAB3D009F29E7 /* Debug */,
				2D004FC1281CAB3D009F29E7 /* Release */,
			);
			defaultConfigurationIsVisible = 0;
			defaultConfigurationName = Release;
		};
		2D004FC2281CAB3D009F29E7 /* Build configuration list for PBXNativeTarget "superMeals" */ = {
			isa = XCConfigurationList;
			buildConfigurations = (
				2D004FC3281CAB3D009F29E7 /* Debug */,
				2D004FC4281CAB3D009F29E7 /* Release */,
			);
			defaultConfigurationIsVisible = 0;
			defaultConfigurationName = Release;
		};
/* End XCConfigurationList section */

/* Begin XCRemoteSwiftPackageReference section */
		2D004FDF281DCEF2009F29E7 /* XCRemoteSwiftPackageReference "AFNetworking" */ = {
			isa = XCRemoteSwiftPackageReference;
			repositoryURL = "https://github.com/AFNetworking/AFNetworking.git";
			requirement = {
				kind = upToNextMajorVersion;
				minimumVersion = 4.0.0;
			};
		};
/* End XCRemoteSwiftPackageReference section */

/* Begin XCSwiftPackageProductDependency section */
		2D004FE0281DCEF3009F29E7 /* AFNetworking */ = {
			isa = XCSwiftPackageProductDependency;
			package = 2D004FDF281DCEF2009F29E7 /* XCRemoteSwiftPackageReference "AFNetworking" */;
			productName = AFNetworking;
		};
/* End XCSwiftPackageProductDependency section */

/* Begin XCVersionGroup section */
		2D004FB5281CAB3A009F29E7 /* superMeals.xcdatamodeld */ = {
			isa = XCVersionGroup;
			children = (
				2D004FB6281CAB3A009F29E7 /* superMeals.xcdatamodel */,
			);
			currentVersion = 2D004FB6281CAB3A009F29E7 /* superMeals.xcdatamodel */;
			path = superMeals.xcdatamodeld;
			sourceTree = "<group>";
			versionGroupType = wrapper.xcdatamodel;
		};
/* End XCVersionGroup section */
	};
	rootObject = 2D004F9E281CAB39009F29E7 /* Project object */;
}
