// !$*UTF8*$!
{
	archiveVersion = 1;
	classes = {
	};
	objectVersion = 55;
	objects = {

/* Begin PBXBuildFile section */
		2D004FAB281CAB3A009F29E7 /* AppDelegate.m in Sources */ = {isa = PBXBuildFile; fileRef = 2D004FAA281CAB3A009F29E7 /* AppDelegate.m */; };
		2D004FAE281CAB3A009F29E7 /* SceneDelegate.m in Sources */ = {isa = PBXBuildFile; fileRef = 2D004FAD281CAB3A009F29E7 /* SceneDelegate.m */; };
		2D004FB1281CAB3A009F29E7 /* HomeViewController.m in Sources */ = {isa = PBXBuildFile; fileRef = 2D004FB0281CAB3A009F29E7 /* HomeViewController.m */; };
		2D004FB4281CAB3A009F29E7 /* Main.storyboard in Resources */ = {isa = PBXBuildFile; fileRef = 2D004FB2281CAB3A009F29E7 /* Main.storyboard */; };
		2D004FB9281CAB3D009F29E7 /* Assets.xcassets in Resources */ = {isa = PBXBuildFile; fileRef = 2D004FB8281CAB3D009F29E7 /* Assets.xcassets */; };
		2D004FBC281CAB3D009F29E7 /* LaunchScreen.storyboard in Resources */ = {isa = PBXBuildFile; fileRef = 2D004FBA281CAB3D009F29E7 /* LaunchScreen.storyboard */; };
		2D004FBF281CAB3D009F29E7 /* main.m in Sources */ = {isa = PBXBuildFile; fileRef = 2D004FBE281CAB3D009F29E7 /* main.m */; };
		2D004FFF282002A9009F29E7 /* SMRecepies.m in Sources */ = {isa = PBXBuildFile; fileRef = 2D004FFE282002A9009F29E7 /* SMRecepies.m */; };
		2D005002282017BA009F29E7 /* SMRecepiesViewModel.m in Sources */ = {isa = PBXBuildFile; fileRef = 2D005001282017BA009F29E7 /* SMRecepiesViewModel.m */; };
		2D0D465E2824AC7C00843A13 /* DetailsViewModel.m in Sources */ = {isa = PBXBuildFile; fileRef = 2D0D465D2824AC7C00843A13 /* DetailsViewModel.m */; };
		2D3E94172821647200CBA44A /* Service.m in Sources */ = {isa = PBXBuildFile; fileRef = 2D3E94162821647200CBA44A /* Service.m */; };
		2D98E8FF2823697A00DE0CE5 /* DetailsViewController.m in Sources */ = {isa = PBXBuildFile; fileRef = 2D98E8FD2823697900DE0CE5 /* DetailsViewController.m */; };
		2D98E9002823697A00DE0CE5 /* DetailsViewController.xib in Resources */ = {isa = PBXBuildFile; fileRef = 2D98E8FE2823697900DE0CE5 /* DetailsViewController.xib */; };
		2DA6DC2C2821A46500DD7DB6 /* RecepiesTableViewCell.m in Sources */ = {isa = PBXBuildFile; fileRef = 2DA6DC2A2821A46500DD7DB6 /* RecepiesTableViewCell.m */; };
		2DA6DC2D2821A46500DD7DB6 /* RecepiesTableViewCell.xib in Resources */ = {isa = PBXBuildFile; fileRef = 2DA6DC2B2821A46500DD7DB6 /* RecepiesTableViewCell.xib */; };
/* End PBXBuildFile section */

/* Begin PBXFileReference section */
		2D004FA6281CAB3A009F29E7 /* superMeals.app */ = {isa = PBXFileReference; explicitFileType = wrapper.application; includeInIndex = 0; path = superMeals.app; sourceTree = BUILT_PRODUCTS_DIR; };
		2D004FA9281CAB3A009F29E7 /* AppDelegate.h */ = {isa = PBXFileReference; lastKnownFileType = sourcecode.c.h; path = AppDelegate.h; sourceTree = "<group>"; };
		2D004FAA281CAB3A009F29E7 /* AppDelegate.m */ = {isa = PBXFileReference; lastKnownFileType = sourcecode.c.objc; path = AppDelegate.m; sourceTree = "<group>"; };
		2D004FAC281CAB3A009F29E7 /* SceneDelegate.h */ = {isa = PBXFileReference; lastKnownFileType = sourcecode.c.h; path = SceneDelegate.h; sourceTree = "<group>"; };
		2D004FAD281CAB3A009F29E7 /* SceneDelegate.m */ = {isa = PBXFileReference; lastKnownFileType = sourcecode.c.objc; path = SceneDelegate.m; sourceTree = "<group>"; };
		2D004FAF281CAB3A009F29E7 /* HomeViewController.h */ = {isa = PBXFileReference; lastKnownFileType = sourcecode.c.h; path = HomeViewController.h; sourceTree = "<group>"; };
		2D004FB0281CAB3A009F29E7 /* HomeViewController.m */ = {isa = PBXFileReference; lastKnownFileType = sourcecode.c.objc; path = HomeViewController.m; sourceTree = "<group>"; };
		2D004FB3281CAB3A009F29E7 /* Base */ = {isa = PBXFileReference; lastKnownFileType = file.storyboard; name = Base; path = Base.lproj/Main.storyboard; sourceTree = "<group>"; };
		2D004FB8281CAB3D009F29E7 /* Assets.xcassets */ = {isa = PBXFileReference; lastKnownFileType = folder.assetcatalog; path = Assets.xcassets; sourceTree = "<group>"; };
		2D004FBB281CAB3D009F29E7 /* Base */ = {isa = PBXFileReference; lastKnownFileType = file.storyboard; name = Base; path = Base.lproj/LaunchScreen.storyboard; sourceTree = "<group>"; };
		2D004FBD281CAB3D009F29E7 /* Info.plist */ = {isa = PBXFileReference; lastKnownFileType = text.plist.xml; path = Info.plist; sourceTree = "<group>"; };
		2D004FBE281CAB3D009F29E7 /* main.m */ = {isa = PBXFileReference; lastKnownFileType = sourcecode.c.objc; path = main.m; sourceTree = "<group>"; };
		2D004FFD28200294009F29E7 /* SMRecepies.h */ = {isa = PBXFileReference; lastKnownFileType = sourcecode.c.h; path = SMRecepies.h; sourceTree = "<group>"; };
		2D004FFE282002A9009F29E7 /* SMRecepies.m */ = {isa = PBXFileReference; lastKnownFileType = sourcecode.c.objc; path = SMRecepies.m; sourceTree = "<group>"; };
		2D005001282017BA009F29E7 /* SMRecepiesViewModel.m */ = {isa = PBXFileReference; lastKnownFileType = sourcecode.c.objc; path = SMRecepiesViewModel.m; sourceTree = "<group>"; };
		2D005003282017CE009F29E7 /* SMRecepiesViewModel.h */ = {isa = PBXFileReference; lastKnownFileType = sourcecode.c.h; path = SMRecepiesViewModel.h; sourceTree = "<group>"; };
		2D0050062820180E009F29E7 /* SMRecepiesViewModelDelegate.h */ = {isa = PBXFileReference; lastKnownFileType = sourcecode.c.h; path = SMRecepiesViewModelDelegate.h; sourceTree = "<group>"; };
		2D0D465C2824AC7000843A13 /* DetailsViewModel.h */ = {isa = PBXFileReference; lastKnownFileType = sourcecode.c.h; path = DetailsViewModel.h; sourceTree = "<group>"; };
		2D0D465D2824AC7C00843A13 /* DetailsViewModel.m */ = {isa = PBXFileReference; lastKnownFileType = sourcecode.c.objc; path = DetailsViewModel.m; sourceTree = "<group>"; };
		2D3E94152821646500CBA44A /* Service.h */ = {isa = PBXFileReference; lastKnownFileType = sourcecode.c.h; path = Service.h; sourceTree = "<group>"; };
		2D3E94162821647200CBA44A /* Service.m */ = {isa = PBXFileReference; lastKnownFileType = sourcecode.c.objc; path = Service.m; sourceTree = "<group>"; };
		2D8E88CE282D7FEA0069399C /* DetailsViewModelDelegate.h */ = {isa = PBXFileReference; lastKnownFileType = sourcecode.c.h; path = DetailsViewModelDelegate.h; sourceTree = "<group>"; };
		2D98E8FC2823697900DE0CE5 /* DetailsViewController.h */ = {isa = PBXFileReference; lastKnownFileType = sourcecode.c.h; path = DetailsViewController.h; sourceTree = "<group>"; };
		2D98E8FD2823697900DE0CE5 /* DetailsViewController.m */ = {isa = PBXFileReference; lastKnownFileType = sourcecode.c.objc; path = DetailsViewController.m; sourceTree = "<group>"; };
		2D98E8FE2823697900DE0CE5 /* DetailsViewController.xib */ = {isa = PBXFileReference; lastKnownFileType = file.xib; path = DetailsViewController.xib; sourceTree = "<group>"; };
		2DA6DC292821A46500DD7DB6 /* RecepiesTableViewCell.h */ = {isa = PBXFileReference; lastKnownFileType = sourcecode.c.h; path = RecepiesTableViewCell.h; sourceTree = "<group>"; };
		2DA6DC2A2821A46500DD7DB6 /* RecepiesTableViewCell.m */ = {isa = PBXFileReference; lastKnownFileType = sourcecode.c.objc; path = RecepiesTableViewCell.m; sourceTree = "<group>"; };
		2DA6DC2B2821A46500DD7DB6 /* RecepiesTableViewCell.xib */ = {isa = PBXFileReference; lastKnownFileType = file.xib; path = RecepiesTableViewCell.xib; sourceTree = "<group>"; };
/* End PBXFileReference section */

/* Begin PBXFrameworksBuildPhase section */
		2D004FA3281CAB3A009F29E7 /* Frameworks */ = {
			isa = PBXFrameworksBuildPhase;
			buildActionMask = 2147483647;
			files = (
			);
			runOnlyForDeploymentPostprocessing = 0;
		};
/* End PBXFrameworksBuildPhase section */

/* Begin PBXGroup section */
		2D004F9D281CAB39009F29E7 = {
			isa = PBXGroup;
			children = (
				2D004FA8281CAB3A009F29E7 /* superMeals */,
				2D004FA7281CAB3A009F29E7 /* Products */,
			);
			sourceTree = "<group>";
		};
		2D004FA7281CAB3A009F29E7 /* Products */ = {
			isa = PBXGroup;
			children = (
				2D004FA6281CAB3A009F29E7 /* superMeals.app */,
			);
			name = Products;
			sourceTree = "<group>";
		};
		2D004FA8281CAB3A009F29E7 /* superMeals */ = {
			isa = PBXGroup;
			children = (
				2D004FC5281CAD65009F29E7 /* AppInfra */,
				2D004FC8281CADE3009F29E7 /* Features */,
			);
			path = superMeals;
			sourceTree = "<group>";
		};
		2D004FC5281CAD65009F29E7 /* AppInfra */ = {
			isa = PBXGroup;
			children = (
				2D004FBE281CAB3D009F29E7 /* main.m */,
				2D98E903282369F300DE0CE5 /* Storyboards */,
				2D004FC7281CADB9009F29E7 /* Delegates */,
				2D004FC6281CADA7009F29E7 /* SupportingFiles */,
			);
			path = AppInfra;
			sourceTree = "<group>";
		};
		2D004FC6281CADA7009F29E7 /* SupportingFiles */ = {
			isa = PBXGroup;
			children = (
				2D004FB8281CAB3D009F29E7 /* Assets.xcassets */,
				2D004FBD281CAB3D009F29E7 /* Info.plist */,
			);
			path = SupportingFiles;
			sourceTree = "<group>";
		};
		2D004FC7281CADB9009F29E7 /* Delegates */ = {
			isa = PBXGroup;
			children = (
				2D004FA9281CAB3A009F29E7 /* AppDelegate.h */,
				2D004FAA281CAB3A009F29E7 /* AppDelegate.m */,
				2D004FAC281CAB3A009F29E7 /* SceneDelegate.h */,
				2D004FAD281CAB3A009F29E7 /* SceneDelegate.m */,
			);
			path = Delegates;
			sourceTree = "<group>";
		};
		2D004FC8281CADE3009F29E7 /* Features */ = {
			isa = PBXGroup;
			children = (
				2D004FCB281DC6DC009F29E7 /* Networking */,
				2D004FDE281DCCD7009F29E7 /* Recepies */,
			);
			path = Features;
			sourceTree = "<group>";
		};
		2D004FCB281DC6DC009F29E7 /* Networking */ = {
			isa = PBXGroup;
			children = (
				2D005000282002AF009F29E7 /* Model */,
				2D98E90428236A2200DE0CE5 /* Service */,
			);
			path = Networking;
			sourceTree = "<group>";
		};
		2D004FDE281DCCD7009F29E7 /* Recepies */ = {
			isa = PBXGroup;
			children = (
				2D98E8FA282367A400DE0CE5 /* HomeScreen */,
				2D98E8FB2823695700DE0CE5 /* DetailsScreen */,
			);
			path = Recepies;
			sourceTree = "<group>";
		};
		2D005000282002AF009F29E7 /* Model */ = {
			isa = PBXGroup;
			children = (
				2D004FFD28200294009F29E7 /* SMRecepies.h */,
				2D004FFE282002A9009F29E7 /* SMRecepies.m */,
			);
			path = Model;
			sourceTree = "<group>";
		};
		2D005004282017D4009F29E7 /* ViewModel */ = {
			isa = PBXGroup;
			children = (
				2D005003282017CE009F29E7 /* SMRecepiesViewModel.h */,
				2D005001282017BA009F29E7 /* SMRecepiesViewModel.m */,
				2D00500728201812009F29E7 /* Delegates */,
			);
			path = ViewModel;
			sourceTree = "<group>";
		};
		2D005005282017DF009F29E7 /* Controller */ = {
			isa = PBXGroup;
			children = (
				2D004FAF281CAB3A009F29E7 /* HomeViewController.h */,
				2D004FB0281CAB3A009F29E7 /* HomeViewController.m */,
			);
			path = Controller;
			sourceTree = "<group>";
		};
		2D00500728201812009F29E7 /* Delegates */ = {
			isa = PBXGroup;
			children = (
				2D0050062820180E009F29E7 /* SMRecepiesViewModelDelegate.h */,
			);
			path = Delegates;
			sourceTree = "<group>";
		};
		2D0D46602824AC9C00843A13 /* ViewModel */ = {
			isa = PBXGroup;
			children = (
				2D0D465C2824AC7000843A13 /* DetailsViewModel.h */,
				2D0D465D2824AC7C00843A13 /* DetailsViewModel.m */,
				2D8E88CF282D80010069399C /* Delegates */,
			);
			path = ViewModel;
			sourceTree = "<group>";
		};
		2D8E88CF282D80010069399C /* Delegates */ = {
			isa = PBXGroup;
			children = (
				2D8E88CE282D7FEA0069399C /* DetailsViewModelDelegate.h */,
			);
			path = Delegates;
			sourceTree = "<group>";
		};
		2D98E8FA282367A400DE0CE5 /* HomeScreen */ = {
			isa = PBXGroup;
			children = (
				2DF9FE252820B48C0012C3C7 /* View */,
				2D005004282017D4009F29E7 /* ViewModel */,
				2D005005282017DF009F29E7 /* Controller */,
			);
			path = HomeScreen;
			sourceTree = "<group>";
		};
		2D98E8FB2823695700DE0CE5 /* DetailsScreen */ = {
			isa = PBXGroup;
			children = (
				2D98E901282369CE00DE0CE5 /* View */,
				2D0D46602824AC9C00843A13 /* ViewModel */,
				2D98E902282369D800DE0CE5 /* Controller */,
			);
			path = DetailsScreen;
			sourceTree = "<group>";
		};
		2D98E901282369CE00DE0CE5 /* View */ = {
			isa = PBXGroup;
			children = (
				2D98E8FE2823697900DE0CE5 /* DetailsViewController.xib */,
			);
			path = View;
			sourceTree = "<group>";
		};
		2D98E902282369D800DE0CE5 /* Controller */ = {
			isa = PBXGroup;
			children = (
				2D98E8FC2823697900DE0CE5 /* DetailsViewController.h */,
				2D98E8FD2823697900DE0CE5 /* DetailsViewController.m */,
			);
			path = Controller;
			sourceTree = "<group>";
		};
		2D98E903282369F300DE0CE5 /* Storyboards */ = {
			isa = PBXGroup;
			children = (
				2D004FB2281CAB3A009F29E7 /* Main.storyboard */,
				2D004FBA281CAB3D009F29E7 /* LaunchScreen.storyboard */,
			);
			path = Storyboards;
			sourceTree = "<group>";
		};
		2D98E90428236A2200DE0CE5 /* Service */ = {
			isa = PBXGroup;
			children = (
				2D3E94152821646500CBA44A /* Service.h */,
				2D3E94162821647200CBA44A /* Service.m */,
			);
			path = Service;
			sourceTree = "<group>";
		};
		2DF9FE252820B48C0012C3C7 /* View */ = {
			isa = PBXGroup;
			children = (
				2DA6DC2B2821A46500DD7DB6 /* RecepiesTableViewCell.xib */,
				2DA6DC292821A46500DD7DB6 /* RecepiesTableViewCell.h */,
				2DA6DC2A2821A46500DD7DB6 /* RecepiesTableViewCell.m */,
			);
			path = View;
			sourceTree = "<group>";
		};
/* End PBXGroup section */

/* Begin PBXNativeTarget section */
		2D004FA5281CAB3A009F29E7 /* superMeals */ = {
			isa = PBXNativeTarget;
			buildConfigurationList = 2D004FC2281CAB3D009F29E7 /* Build configuration list for PBXNativeTarget "superMeals" */;
			buildPhases = (
				2D004FA2281CAB3A009F29E7 /* Sources */,
				2D004FA3281CAB3A009F29E7 /* Frameworks */,
				2D004FA4281CAB3A009F29E7 /* Resources */,
			);
			buildRules = (
			);
			dependencies = (
			);
			name = superMeals;
			packageProductDependencies = (
			);
			productName = superMeals;
			productReference = 2D004FA6281CAB3A009F29E7 /* superMeals.app */;
			productType = "com.apple.product-type.application";
		};
/* End PBXNativeTarget section */

/* Begin PBXProject section */
		2D004F9E281CAB39009F29E7 /* Project object */ = {
			isa = PBXProject;
			attributes = {
				BuildIndependentTargetsInParallel = 1;
				LastUpgradeCheck = 1330;
				TargetAttributes = {
					2D004FA5281CAB3A009F29E7 = {
						CreatedOnToolsVersion = 13.3.1;
					};
				};
			};
			buildConfigurationList = 2D004FA1281CAB39009F29E7 /* Build configuration list for PBXProject "superMeals" */;
			compatibilityVersion = "Xcode 13.0";
			developmentRegion = en;
			hasScannedForEncodings = 0;
			knownRegions = (
				en,
				Base,
			);
			mainGroup = 2D004F9D281CAB39009F29E7;
			packageReferences = (
			);
			productRefGroup = 2D004FA7281CAB3A009F29E7 /* Products */;
			projectDirPath = "";
			projectRoot = "";
			targets = (
				2D004FA5281CAB3A009F29E7 /* superMeals */,
			);
		};
/* End PBXProject section */

/* Begin PBXResourcesBuildPhase section */
		2D004FA4281CAB3A009F29E7 /* Resources */ = {
			isa = PBXResourcesBuildPhase;
			buildActionMask = 2147483647;
			files = (
				2D004FBC281CAB3D009F29E7 /* LaunchScreen.storyboard in Resources */,
				2DA6DC2D2821A46500DD7DB6 /* RecepiesTableViewCell.xib in Resources */,
				2D98E9002823697A00DE0CE5 /* DetailsViewController.xib in Resources */,
				2D004FB9281CAB3D009F29E7 /* Assets.xcassets in Resources */,
				2D004FB4281CAB3A009F29E7 /* Main.storyboard in Resources */,
			);
			runOnlyForDeploymentPostprocessing = 0;
		};
/* End PBXResourcesBuildPhase section */

/* Begin PBXSourcesBuildPhase section */
		2D004FA2281CAB3A009F29E7 /* Sources */ = {
			isa = PBXSourcesBuildPhase;
			buildActionMask = 2147483647;
			files = (
				2D004FBF281CAB3D009F29E7 /* main.m in Sources */,
				2D98E8FF2823697A00DE0CE5 /* DetailsViewController.m in Sources */,
				2D0D465E2824AC7C00843A13 /* DetailsViewModel.m in Sources */,
				2D005002282017BA009F29E7 /* SMRecepiesViewModel.m in Sources */,
				2D004FFF282002A9009F29E7 /* SMRecepies.m in Sources */,
				2D004FB1281CAB3A009F29E7 /* HomeViewController.m in Sources */,
				2D004FAB281CAB3A009F29E7 /* AppDelegate.m in Sources */,
				2D004FAE281CAB3A009F29E7 /* SceneDelegate.m in Sources */,
				2D3E94172821647200CBA44A /* Service.m in Sources */,
				2DA6DC2C2821A46500DD7DB6 /* RecepiesTableViewCell.m in Sources */,
			);
			runOnlyForDeploymentPostprocessing = 0;
		};
/* End PBXSourcesBuildPhase section */

/* Begin PBXVariantGroup section */
		2D004FB2281CAB3A009F29E7 /* Main.storyboard */ = {
			isa = PBXVariantGroup;
			children = (
				2D004FB3281CAB3A009F29E7 /* Base */,
			);
			name = Main.storyboard;
			sourceTree = "<group>";
		};
		2D004FBA281CAB3D009F29E7 /* LaunchScreen.storyboard */ = {
			isa = PBXVariantGroup;
			children = (
				2D004FBB281CAB3D009F29E7 /* Base */,
			);
			name = LaunchScreen.storyboard;
			sourceTree = "<group>";
		};
/* End PBXVariantGroup section */

/* Begin XCBuildConfiguration section */
		2D004FC0281CAB3D009F29E7 /* Debug */ = {
			isa = XCBuildConfiguration;
			buildSettings = {
				ALWAYS_SEARCH_USER_PATHS = NO;
				CLANG_ANALYZER_NONNULL = YES;
				CLANG_ANALYZER_NUMBER_OBJECT_CONVERSION = YES_AGGRESSIVE;
				CLANG_CXX_LANGUAGE_STANDARD = "gnu++17";
				CLANG_ENABLE_MODULES = YES;
				CLANG_ENABLE_OBJC_ARC = YES;
				CLANG_ENABLE_OBJC_WEAK = YES;
				CLANG_WARN_BLOCK_CAPTURE_AUTORELEASING = YES;
				CLANG_WARN_BOOL_CONVERSION = YES;
				CLANG_WARN_COMMA = YES;
				CLANG_WARN_CONSTANT_CONVERSION = YES;
				CLANG_WARN_DEPRECATED_OBJC_IMPLEMENTATIONS = YES;
				CLANG_WARN_DIRECT_OBJC_ISA_USAGE = YES_ERROR;
				CLANG_WARN_DOCUMENTATION_COMMENTS = YES;
				CLANG_WARN_EMPTY_BODY = YES;
				CLANG_WARN_ENUM_CONVERSION = YES;
				CLANG_WARN_INFINITE_RECURSION = YES;
				CLANG_WARN_INT_CONVERSION = YES;
				CLANG_WARN_NON_LITERAL_NULL_CONVERSION = YES;
				CLANG_WARN_OBJC_IMPLICIT_RETAIN_SELF = YES;
				CLANG_WARN_OBJC_LITERAL_CONVERSION = YES;
				CLANG_WARN_OBJC_ROOT_CLASS = YES_ERROR;
				CLANG_WARN_QUOTED_INCLUDE_IN_FRAMEWORK_HEADER = YES;
				CLANG_WARN_RANGE_LOOP_ANALYSIS = YES;
				CLANG_WARN_STRICT_PROTOTYPES = YES;
				CLANG_WARN_SUSPICIOUS_MOVE = YES;
				CLANG_WARN_UNGUARDED_AVAILABILITY = YES_AGGRESSIVE;
				CLANG_WARN_UNREACHABLE_CODE = YES;
				CLANG_WARN__DUPLICATE_METHOD_MATCH = YES;
				COPY_PHASE_STRIP = NO;
				DEBUG_INFORMATION_FORMAT = dwarf;
				ENABLE_STRICT_OBJC_MSGSEND = YES;
				ENABLE_TESTABILITY = YES;
				GCC_C_LANGUAGE_STANDARD = gnu11;
				GCC_DYNAMIC_NO_PIC = NO;
				GCC_NO_COMMON_BLOCKS = YES;
				GCC_OPTIMIZATION_LEVEL = 0;
				GCC_PREPROCESSOR_DEFINITIONS = (
					"DEBUG=1",
					"$(inherited)",
				);
				GCC_WARN_64_TO_32_BIT_CONVERSION = YES;
				GCC_WARN_ABOUT_RETURN_TYPE = YES_ERROR;
				GCC_WARN_UNDECLARED_SELECTOR = YES;
				GCC_WARN_UNINITIALIZED_AUTOS = YES_AGGRESSIVE;
				GCC_WARN_UNUSED_FUNCTION = YES;
				GCC_WARN_UNUSED_VARIABLE = YES;
				IPHONEOS_DEPLOYMENT_TARGET = 14.0;
				MTL_ENABLE_DEBUG_INFO = INCLUDE_SOURCE;
				MTL_FAST_MATH = YES;
				ONLY_ACTIVE_ARCH = YES;
				SDKROOT = iphoneos;
			};
			name = Debug;
		};
		2D004FC1281CAB3D009F29E7 /* Release */ = {
			isa = XCBuildConfiguration;
			buildSettings = {
				ALWAYS_SEARCH_USER_PATHS = NO;
				CLANG_ANALYZER_NONNULL = YES;
				CLANG_ANALYZER_NUMBER_OBJECT_CONVERSION = YES_AGGRESSIVE;
				CLANG_CXX_LANGUAGE_STANDARD = "gnu++17";
				CLANG_ENABLE_MODULES = YES;
				CLANG_ENABLE_OBJC_ARC = YES;
				CLANG_ENABLE_OBJC_WEAK = YES;
				CLANG_WARN_BLOCK_CAPTURE_AUTORELEASING = YES;
				CLANG_WARN_BOOL_CONVERSION = YES;
				CLANG_WARN_COMMA = YES;
				CLANG_WARN_CONSTANT_CONVERSION = YES;
				CLANG_WARN_DEPRECATED_OBJC_IMPLEMENTATIONS = YES;
				CLANG_WARN_DIRECT_OBJC_ISA_USAGE = YES_ERROR;
				CLANG_WARN_DOCUMENTATION_COMMENTS = YES;
				CLANG_WARN_EMPTY_BODY = YES;
				CLANG_WARN_ENUM_CONVERSION = YES;
				CLANG_WARN_INFINITE_RECURSION = YES;
				CLANG_WARN_INT_CONVERSION = YES;
				CLANG_WARN_NON_LITERAL_NULL_CONVERSION = YES;
				CLANG_WARN_OBJC_IMPLICIT_RETAIN_SELF = YES;
				CLANG_WARN_OBJC_LITERAL_CONVERSION = YES;
				CLANG_WARN_OBJC_ROOT_CLASS = YES_ERROR;
				CLANG_WARN_QUOTED_INCLUDE_IN_FRAMEWORK_HEADER = YES;
				CLANG_WARN_RANGE_LOOP_ANALYSIS = YES;
				CLANG_WARN_STRICT_PROTOTYPES = YES;
				CLANG_WARN_SUSPICIOUS_MOVE = YES;
				CLANG_WARN_UNGUARDED_AVAILABILITY = YES_AGGRESSIVE;
				CLANG_WARN_UNREACHABLE_CODE = YES;
				CLANG_WARN__DUPLICATE_METHOD_MATCH = YES;
				COPY_PHASE_STRIP = NO;
				DEBUG_INFORMATION_FORMAT = "dwarf-with-dsym";
				ENABLE_NS_ASSERTIONS = NO;
				ENABLE_STRICT_OBJC_MSGSEND = YES;
				GCC_C_LANGUAGE_STANDARD = gnu11;
				GCC_NO_COMMON_BLOCKS = YES;
				GCC_WARN_64_TO_32_BIT_CONVERSION = YES;
				GCC_WARN_ABOUT_RETURN_TYPE = YES_ERROR;
				GCC_WARN_UNDECLARED_SELECTOR = YES;
				GCC_WARN_UNINITIALIZED_AUTOS = YES_AGGRESSIVE;
				GCC_WARN_UNUSED_FUNCTION = YES;
				GCC_WARN_UNUSED_VARIABLE = YES;
				IPHONEOS_DEPLOYMENT_TARGET = 14.0;
				MTL_ENABLE_DEBUG_INFO = NO;
				MTL_FAST_MATH = YES;
				SDKROOT = iphoneos;
				VALIDATE_PRODUCT = YES;
			};
			name = Release;
		};
		2D004FC3281CAB3D009F29E7 /* Debug */ = {
			isa = XCBuildConfiguration;
			buildSettings = {
				ASSETCATALOG_COMPILER_APPICON_NAME = AppIcon;
				ASSETCATALOG_COMPILER_GLOBAL_ACCENT_COLOR_NAME = AccentColor;
				CODE_SIGN_STYLE = Automatic;
				CURRENT_PROJECT_VERSION = 1;
				DEVELOPMENT_TEAM = 69KP7AWB28;
				GENERATE_INFOPLIST_FILE = YES;
				INFOPLIST_FILE = superMeals/AppInfra/SupportingFiles/Info.plist;
				INFOPLIST_KEY_UIApplicationSupportsIndirectInputEvents = YES;
				INFOPLIST_KEY_UILaunchStoryboardName = LaunchScreen;
				INFOPLIST_KEY_UIMainStoryboardFile = Main;
				INFOPLIST_KEY_UISupportedInterfaceOrientations = "UIInterfaceOrientationPortrait UIInterfaceOrientationLandscapeLeft UIInterfaceOrientationLandscapeRight";
				INFOPLIST_KEY_UISupportedInterfaceOrientations_iPad = "UIInterfaceOrientationPortrait UIInterfaceOrientationPortraitUpsideDown UIInterfaceOrientationLandscapeLeft UIInterfaceOrientationLandscapeRight";
				INFOPLIST_KEY_UISupportedInterfaceOrientations_iPhone = "UIInterfaceOrientationPortrait UIInterfaceOrientationLandscapeLeft UIInterfaceOrientationLandscapeRight";
				IPHONEOS_DEPLOYMENT_TARGET = 14.0;
				LD_RUNPATH_SEARCH_PATHS = (
					"$(inherited)",
					"@executable_path/Frameworks",
				);
				MARKETING_VERSION = 1.1.0;
				PRODUCT_BUNDLE_IDENTIFIER = com.VitorSpessoto.superMeals;
				PRODUCT_NAME = "$(TARGET_NAME)";
				SWIFT_EMIT_LOC_STRINGS = YES;
				TARGETED_DEVICE_FAMILY = "1,2";
			};
			name = Debug;
		};
		2D004FC4281CAB3D009F29E7 /* Release */ = {
			isa = XCBuildConfiguration;
			buildSettings = {
				ASSETCATALOG_COMPILER_APPICON_NAME = AppIcon;
				ASSETCATALOG_COMPILER_GLOBAL_ACCENT_COLOR_NAME = AccentColor;
				CODE_SIGN_STYLE = Automatic;
				CURRENT_PROJECT_VERSION = 1;
				DEVELOPMENT_TEAM = 69KP7AWB28;
				GENERATE_INFOPLIST_FILE = YES;
				INFOPLIST_FILE = superMeals/AppInfra/SupportingFiles/Info.plist;
				INFOPLIST_KEY_UIApplicationSupportsIndirectInputEvents = YES;
				INFOPLIST_KEY_UILaunchStoryboardName = LaunchScreen;
				INFOPLIST_KEY_UIMainStoryboardFile = Main;
				INFOPLIST_KEY_UISupportedInterfaceOrientations = "UIInterfaceOrientationPortrait UIInterfaceOrientationLandscapeLeft UIInterfaceOrientationLandscapeRight";
				INFOPLIST_KEY_UISupportedInterfaceOrientations_iPad = "UIInterfaceOrientationPortrait UIInterfaceOrientationPortraitUpsideDown UIInterfaceOrientationLandscapeLeft UIInterfaceOrientationLandscapeRight";
				INFOPLIST_KEY_UISupportedInterfaceOrientations_iPhone = "UIInterfaceOrientationPortrait UIInterfaceOrientationLandscapeLeft UIInterfaceOrientationLandscapeRight";
				IPHONEOS_DEPLOYMENT_TARGET = 14.0;
				LD_RUNPATH_SEARCH_PATHS = (
					"$(inherited)",
					"@executable_path/Frameworks",
				);
				MARKETING_VERSION = 1.1.0;
				PRODUCT_BUNDLE_IDENTIFIER = com.VitorSpessoto.superMeals;
				PRODUCT_NAME = "$(TARGET_NAME)";
				SWIFT_EMIT_LOC_STRINGS = YES;
				TARGETED_DEVICE_FAMILY = "1,2";
			};
			name = Release;
		};
/* End XCBuildConfiguration section */

/* Begin XCConfigurationList section */
		2D004FA1281CAB39009F29E7 /* Build configuration list for PBXProject "superMeals" */ = {
			isa = XCConfigurationList;
			buildConfigurations = (
				2D004FC0281CAB3D009F29E7 /* Debug */,
				2D004FC1281CAB3D009F29E7 /* Release */,
			);
			defaultConfigurationIsVisible = 0;
			defaultConfigurationName = Release;
		};
		2D004FC2281CAB3D009F29E7 /* Build configuration list for PBXNativeTarget "superMeals" */ = {
			isa = XCConfigurationList;
			buildConfigurations = (
				2D004FC3281CAB3D009F29E7 /* Debug */,
				2D004FC4281CAB3D009F29E7 /* Release */,
			);
			defaultConfigurationIsVisible = 0;
			defaultConfigurationName = Release;
		};
/* End XCConfigurationList section */
	};
	rootObject = 2D004F9E281CAB39009F29E7 /* Project object */;
}
